// !$*UTF8*$!
{
	archiveVersion = 1;
	classes = {
	};
	objectVersion = 56;
	objects = {

/* Begin PBXBuildFile section */
		100000000000000000000101 /* MadeYouLookPrankApp.swift in Sources */ = {isa = PBXBuildFile; fileRef = 100000000000000000000201 /* MadeYouLookPrankApp.swift */; };
		100000000000000000000102 /* CapturedPhoto.swift in Sources */ = {isa = PBXBuildFile; fileRef = 100000000000000000000202 /* CapturedPhoto.swift */; };
		100000000000000000000103 /* CaptureStore.swift in Sources */ = {isa = PBXBuildFile; fileRef = 100000000000000000000203 /* CaptureStore.swift */; };
		100000000000000000000104 /* CameraController.swift in Sources */ = {isa = PBXBuildFile; fileRef = 100000000000000000000204 /* CameraController.swift */; };
		100000000000000000000105 /* PhotoLibraryExporter.swift in Sources */ = {isa = PBXBuildFile; fileRef = 100000000000000000000205 /* PhotoLibraryExporter.swift */; };
		100000000000000000000106 /* ActivityView.swift in Sources */ = {isa = PBXBuildFile; fileRef = 100000000000000000000206 /* ActivityView.swift */; };
		100000000000000000000107 /* RootView.swift in Sources */ = {isa = PBXBuildFile; fileRef = 100000000000000000000207 /* RootView.swift */; };
		100000000000000000000108 /* LoadingView.swift in Sources */ = {isa = PBXBuildFile; fileRef = 100000000000000000000208 /* LoadingView.swift */; };
		100000000000000000000109 /* ConsentGateView.swift in Sources */ = {isa = PBXBuildFile; fileRef = 100000000000000000000209 /* ConsentGateView.swift */; };
		10000000000000000000010A /* CameraCaptureView.swift in Sources */ = {isa = PBXBuildFile; fileRef = 10000000000000000000020A /* CameraCaptureView.swift */; };
		10000000000000000000010B /* RevealView.swift in Sources */ = {isa = PBXBuildFile; fileRef = 10000000000000000000020B /* RevealView.swift */; };
		10000000000000000000010C /* GalleryView.swift in Sources */ = {isa = PBXBuildFile; fileRef = 10000000000000000000020C /* GalleryView.swift */; };
		10000000000000000000010D /* PhotoDetailView.swift in Sources */ = {isa = PBXBuildFile; fileRef = 10000000000000000000020D /* PhotoDetailView.swift */; };
		10000000000000000000010E /* StatusViews.swift in Sources */ = {isa = PBXBuildFile; fileRef = 10000000000000000000020E /* StatusViews.swift */; };
		10000000000000000000010F /* CameraPreviewView.swift in Sources */ = {isa = PBXBuildFile; fileRef = 10000000000000000000020F /* CameraPreviewView.swift */; };
		100000000000000000000110 /* FlameIconView.swift in Sources */ = {isa = PBXBuildFile; fileRef = 100000000000000000000210 /* FlameIconView.swift */; };
		100000000000000000000111 /* Assets.xcassets in Resources */ = {isa = PBXBuildFile; fileRef = 100000000000000000000211 /* Assets.xcassets */; };
		100000000000000000000112 /* CaptureStoreTests.swift in Sources */ = {isa = PBXBuildFile; fileRef = 100000000000000000000212 /* CaptureStoreTests.swift */; };
		100000000000000000000113 /* PrivacyInfo.xcprivacy in Resources */ = {isa = PBXBuildFile; fileRef = 100000000000000000000216 /* PrivacyInfo.xcprivacy */; };
/* End PBXBuildFile section */

/* Begin PBXContainerItemProxy section */
		100000000000000000000301 /* PBXContainerItemProxy */ = {
			isa = PBXContainerItemProxy;
			containerPortal = 100000000000000000000401 /* Project object */;
			proxyType = 1;
			remoteGlobalIDString = 100000000000000000000501;
			remoteInfo = MadeYouLookPrank;
		};
/* End PBXContainerItemProxy section */

/* Begin PBXFileReference section */
		100000000000000000000201 /* MadeYouLookPrankApp.swift */ = {isa = PBXFileReference; lastKnownFileType = sourcecode.swift; path = MadeYouLookPrankApp.swift; sourceTree = "<group>"; };
		100000000000000000000202 /* CapturedPhoto.swift */ = {isa = PBXFileReference; lastKnownFileType = sourcecode.swift; path = CapturedPhoto.swift; sourceTree = "<group>"; };
		100000000000000000000203 /* CaptureStore.swift */ = {isa = PBXFileReference; lastKnownFileType = sourcecode.swift; path = CaptureStore.swift; sourceTree = "<group>"; };
		100000000000000000000204 /* CameraController.swift */ = {isa = PBXFileReference; lastKnownFileType = sourcecode.swift; path = CameraController.swift; sourceTree = "<group>"; };
		100000000000000000000205 /* PhotoLibraryExporter.swift */ = {isa = PBXFileReference; lastKnownFileType = sourcecode.swift; path = PhotoLibraryExporter.swift; sourceTree = "<group>"; };
		100000000000000000000206 /* ActivityView.swift */ = {isa = PBXFileReference; lastKnownFileType = sourcecode.swift; path = ActivityView.swift; sourceTree = "<group>"; };
		100000000000000000000207 /* RootView.swift */ = {isa = PBXFileReference; lastKnownFileType = sourcecode.swift; path = RootView.swift; sourceTree = "<group>"; };
		100000000000000000000208 /* LoadingView.swift */ = {isa = PBXFileReference; lastKnownFileType = sourcecode.swift; path = LoadingView.swift; sourceTree = "<group>"; };
		100000000000000000000209 /* ConsentGateView.swift */ = {isa = PBXFileReference; lastKnownFileType = sourcecode.swift; path = ConsentGateView.swift; sourceTree = "<group>"; };
		10000000000000000000020A /* CameraCaptureView.swift */ = {isa = PBXFileReference; lastKnownFileType = sourcecode.swift; path = CameraCaptureView.swift; sourceTree = "<group>"; };
		10000000000000000000020B /* RevealView.swift */ = {isa = PBXFileReference; lastKnownFileType = sourcecode.swift; path = RevealView.swift; sourceTree = "<group>"; };
		10000000000000000000020C /* GalleryView.swift */ = {isa = PBXFileReference; lastKnownFileType = sourcecode.swift; path = GalleryView.swift; sourceTree = "<group>"; };
		10000000000000000000020D /* PhotoDetailView.swift */ = {isa = PBXFileReference; lastKnownFileType = sourcecode.swift; path = PhotoDetailView.swift; sourceTree = "<group>"; };
		10000000000000000000020E /* StatusViews.swift */ = {isa = PBXFileReference; lastKnownFileType = sourcecode.swift; path = StatusViews.swift; sourceTree = "<group>"; };
		10000000000000000000020F /* CameraPreviewView.swift */ = {isa = PBXFileReference; lastKnownFileType = sourcecode.swift; path = CameraPreviewView.swift; sourceTree = "<group>"; };
		100000000000000000000210 /* FlameIconView.swift */ = {isa = PBXFileReference; lastKnownFileType = sourcecode.swift; path = FlameIconView.swift; sourceTree = "<group>"; };
		100000000000000000000211 /* Assets.xcassets */ = {isa = PBXFileReference; lastKnownFileType = folder.assetcatalog; path = Assets.xcassets; sourceTree = "<group>"; };
		100000000000000000000212 /* CaptureStoreTests.swift */ = {isa = PBXFileReference; lastKnownFileType = sourcecode.swift; path = CaptureStoreTests.swift; sourceTree = "<group>"; };
		100000000000000000000213 /* Info.plist */ = {isa = PBXFileReference; lastKnownFileType = text.plist.xml; path = Info.plist; sourceTree = "<group>"; };
		100000000000000000000214 /* MadeYouLookPrank.app */ = {isa = PBXFileReference; explicitFileType = wrapper.application; includeInIndex = 0; path = MadeYouLookPrank.app; sourceTree = BUILT_PRODUCTS_DIR; };
		100000000000000000000215 /* MadeYouLookPrankTests.xctest */ = {isa = PBXFileReference; explicitFileType = wrapper.cfbundle; includeInIndex = 0; path = MadeYouLookPrankTests.xctest; sourceTree = BUILT_PRODUCTS_DIR; };
		100000000000000000000216 /* PrivacyInfo.xcprivacy */ = {isa = PBXFileReference; lastKnownFileType = text.xml; path = PrivacyInfo.xcprivacy; sourceTree = "<group>"; };
/* End PBXFileReference section */

/* Begin PBXFrameworksBuildPhase section */
		100000000000000000000601 /* Frameworks */ = {
			isa = PBXFrameworksBuildPhase;
			buildActionMask = 2147483647;
			files = (
			);
			runOnlyForDeploymentPostprocessing = 0;
		};
		100000000000000000000602 /* Frameworks */ = {
			isa = PBXFrameworksBuildPhase;
			buildActionMask = 2147483647;
			files = (
			);
			runOnlyForDeploymentPostprocessing = 0;
		};
/* End PBXFrameworksBuildPhase section */

/* Begin PBXGroup section */
		100000000000000000000701 = {
			isa = PBXGroup;
			children = (
				100000000000000000000702 /* MadeYouLookPrank */,
				100000000000000000000707 /* MadeYouLookPrankTests */,
				100000000000000000000708 /* Products */,
			);
			sourceTree = "<group>";
		};
		100000000000000000000702 /* MadeYouLookPrank */ = {
			isa = PBXGroup;
			children = (
				100000000000000000000213 /* Info.plist */,
				100000000000000000000216 /* PrivacyInfo.xcprivacy */,
				100000000000000000000211 /* Assets.xcassets */,
				100000000000000000000201 /* MadeYouLookPrankApp.swift */,
				100000000000000000000703 /* Models */,
				100000000000000000000704 /* Services */,
				100000000000000000000705 /* Utilities */,
				100000000000000000000706 /* Views */,
			);
			path = MadeYouLookPrank;
			sourceTree = "<group>";
		};
		100000000000000000000703 /* Models */ = {
			isa = PBXGroup;
			children = (
				100000000000000000000202 /* CapturedPhoto.swift */,
			);
			path = Models;
			sourceTree = "<group>";
		};
		100000000000000000000704 /* Services */ = {
			isa = PBXGroup;
			children = (
				100000000000000000000203 /* CaptureStore.swift */,
				100000000000000000000204 /* CameraController.swift */,
				100000000000000000000205 /* PhotoLibraryExporter.swift */,
			);
			path = Services;
			sourceTree = "<group>";
		};
		100000000000000000000705 /* Utilities */ = {
			isa = PBXGroup;
			children = (
				100000000000000000000206 /* ActivityView.swift */,
			);
			path = Utilities;
			sourceTree = "<group>";
		};
		100000000000000000000706 /* Views */ = {
			isa = PBXGroup;
			children = (
				100000000000000000000207 /* RootView.swift */,
				100000000000000000000208 /* LoadingView.swift */,
				100000000000000000000209 /* ConsentGateView.swift */,
				10000000000000000000020A /* CameraCaptureView.swift */,
				10000000000000000000020B /* RevealView.swift */,
				10000000000000000000020C /* GalleryView.swift */,
				10000000000000000000020D /* PhotoDetailView.swift */,
				10000000000000000000020E /* StatusViews.swift */,
				100000000000000000000709 /* Components */,
			);
			path = Views;
			sourceTree = "<group>";
		};
		100000000000000000000709 /* Components */ = {
			isa = PBXGroup;
			children = (
				10000000000000000000020F /* CameraPreviewView.swift */,
				100000000000000000000210 /* FlameIconView.swift */,
			);
			path = Components;
			sourceTree = "<group>";
		};
		100000000000000000000707 /* MadeYouLookPrankTests */ = {
			isa = PBXGroup;
			children = (
				100000000000000000000212 /* CaptureStoreTests.swift */,
			);
			path = MadeYouLookPrankTests;
			sourceTree = "<group>";
		};
		100000000000000000000708 /* Products */ = {
			isa = PBXGroup;
			children = (
				100000000000000000000214 /* MadeYouLookPrank.app */,
				100000000000000000000215 /* MadeYouLookPrankTests.xctest */,
			);
			name = Products;
			sourceTree = "<group>";
		};
/* End PBXGroup section */

/* Begin PBXNativeTarget section */
		100000000000000000000501 /* MadeYouLookPrank */ = {
			isa = PBXNativeTarget;
			buildConfigurationList = 100000000000000000000801 /* Build configuration list for PBXNativeTarget "MadeYouLookPrank" */;
			buildPhases = (
				100000000000000000000901 /* Sources */,
				100000000000000000000601 /* Frameworks */,
				100000000000000000000902 /* Resources */,
			);
			buildRules = (
			);
			dependencies = (
			);
			name = MadeYouLookPrank;
			productName = MadeYouLookPrank;
			productReference = 100000000000000000000214 /* MadeYouLookPrank.app */;
			productType = "com.apple.product-type.application";
		};
		100000000000000000000502 /* MadeYouLookPrankTests */ = {
			isa = PBXNativeTarget;
			buildConfigurationList = 100000000000000000000802 /* Build configuration list for PBXNativeTarget "MadeYouLookPrankTests" */;
			buildPhases = (
				100000000000000000000903 /* Sources */,
				100000000000000000000602 /* Frameworks */,
				100000000000000000000904 /* Resources */,
			);
			buildRules = (
			);
			dependencies = (
				100000000000000000000302 /* PBXTargetDependency */,
			);
			name = MadeYouLookPrankTests;
			productName = MadeYouLookPrankTests;
			productReference = 100000000000000000000215 /* MadeYouLookPrankTests.xctest */;
			productType = "com.apple.product-type.bundle.unit-test";
		};
/* End PBXNativeTarget section */

/* Begin PBXProject section */
		100000000000000000000401 /* Project object */ = {
			isa = PBXProject;
			attributes = {
				BuildIndependentTargetsInParallel = 1;
				LastSwiftUpdateCheck = 1600;
				LastUpgradeCheck = 1600;
				TargetAttributes = {
					100000000000000000000501 = {
						CreatedOnToolsVersion = 16.0;
					};
					100000000000000000000502 = {
						CreatedOnToolsVersion = 16.0;
						TestTargetID = 100000000000000000000501;
					};
				};
			};
			buildConfigurationList = 100000000000000000000800 /* Build configuration list for PBXProject "MadeYouLookPrank" */;
			compatibilityVersion = "Xcode 14.0";
			developmentRegion = en;
			hasScannedForEncodings = 0;
			knownRegions = (
				en,
				Base,
			);
			mainGroup = 100000000000000000000701;
			productRefGroup = 100000000000000000000708 /* Products */;
			projectDirPath = "";
			projectRoot = "";
			targets = (
				100000000000000000000501 /* MadeYouLookPrank */,
				100000000000000000000502 /* MadeYouLookPrankTests */,
			);
		};
/* End PBXProject section */

/* Begin PBXResourcesBuildPhase section */
		100000000000000000000902 /* Resources */ = {
			isa = PBXResourcesBuildPhase;
			buildActionMask = 2147483647;
			files = (
				100000000000000000000111 /* Assets.xcassets in Resources */,
				100000000000000000000113 /* PrivacyInfo.xcprivacy in Resources */,
			);
			runOnlyForDeploymentPostprocessing = 0;
		};
		100000000000000000000904 /* Resources */ = {
			isa = PBXResourcesBuildPhase;
			buildActionMask = 2147483647;
			files = (
			);
			runOnlyForDeploymentPostprocessing = 0;
		};
/* End PBXResourcesBuildPhase section */

/* Begin PBXSourcesBuildPhase section */
		100000000000000000000901 /* Sources */ = {
			isa = PBXSourcesBuildPhase;
			buildActionMask = 2147483647;
			files = (
				100000000000000000000101 /* MadeYouLookPrankApp.swift in Sources */,
				100000000000000000000102 /* CapturedPhoto.swift in Sources */,
				100000000000000000000103 /* CaptureStore.swift in Sources */,
				100000000000000000000104 /* CameraController.swift in Sources */,
				100000000000000000000105 /* PhotoLibraryExporter.swift in Sources */,
				100000000000000000000106 /* ActivityView.swift in Sources */,
				100000000000000000000107 /* RootView.swift in Sources */,
				100000000000000000000108 /* LoadingView.swift in Sources */,
				100000000000000000000109 /* ConsentGateView.swift in Sources */,
				10000000000000000000010A /* CameraCaptureView.swift in Sources */,
				10000000000000000000010B /* RevealView.swift in Sources */,
				10000000000000000000010C /* GalleryView.swift in Sources */,
				10000000000000000000010D /* PhotoDetailView.swift in Sources */,
				10000000000000000000010E /* StatusViews.swift in Sources */,
				10000000000000000000010F /* CameraPreviewView.swift in Sources */,
				100000000000000000000110 /* FlameIconView.swift in Sources */,
			);
			runOnlyForDeploymentPostprocessing = 0;
		};
		100000000000000000000903 /* Sources */ = {
			isa = PBXSourcesBuildPhase;
			buildActionMask = 2147483647;
			files = (
				100000000000000000000112 /* CaptureStoreTests.swift in Sources */,
			);
			runOnlyForDeploymentPostprocessing = 0;
		};
/* End PBXSourcesBuildPhase section */

/* Begin PBXTargetDependency section */
		100000000000000000000302 /* PBXTargetDependency */ = {
			isa = PBXTargetDependency;
			target = 100000000000000000000501 /* MadeYouLookPrank */;
			targetProxy = 100000000000000000000301 /* PBXContainerItemProxy */;
		};
/* End PBXTargetDependency section */

/* Begin XCBuildConfiguration section */
		100000000000000000000A01 /* Debug */ = {
			isa = XCBuildConfiguration;
			buildSettings = {
				ALWAYS_SEARCH_USER_PATHS = NO;
				CLANG_ANALYZER_NONNULL = YES;
				CLANG_ANALYZER_NUMBER_OBJECT_CONVERSION = YES_AGGRESSIVE;
				CLANG_CXX_LANGUAGE_STANDARD = "gnu++20";
				CLANG_ENABLE_MODULES = YES;
				CLANG_ENABLE_OBJC_ARC = YES;
				CLANG_ENABLE_OBJC_WEAK = YES;
				CLANG_WARN_BLOCK_CAPTURE_AUTORELEASING = YES;
				CLANG_WARN_BOOL_CONVERSION = YES;
				CLANG_WARN_COMMA = YES;
				CLANG_WARN_CONSTANT_CONVERSION = YES;
				CLANG_WARN_DEPRECATED_OBJC_IMPLEMENTATIONS = YES;
				CLANG_WARN_DIRECT_OBJC_ISA_USAGE = YES_ERROR;
				CLANG_WARN_DOCUMENTATION_COMMENTS = YES;
				CLANG_WARN_EMPTY_BODY = YES;
				CLANG_WARN_ENUM_CONVERSION = YES;
				CLANG_WARN_INFINITE_RECURSION = YES;
				CLANG_WARN_INT_CONVERSION = YES;
				CLANG_WARN_NON_LITERAL_NULL_CONVERSION = YES;
				CLANG_WARN_OBJC_IMPLICIT_RETAIN_SELF = YES;
				CLANG_WARN_OBJC_LITERAL_CONVERSION = YES;
				CLANG_WARN_OBJC_ROOT_CLASS = YES_ERROR;
				CLANG_WARN_QUOTED_INCLUDE_IN_FRAMEWORK_HEADER = YES;
				CLANG_WARN_RANGE_LOOP_ANALYSIS = YES;
				CLANG_WARN_STRICT_PROTOTYPES = YES;
				CLANG_WARN_SUSPICIOUS_MOVE = YES;
				CLANG_WARN_UNGUARDED_AVAILABILITY = YES_AGGRESSIVE;
				CLANG_WARN_UNREACHABLE_CODE = YES;
				CLANG_WARN__DUPLICATE_METHOD_MATCH = YES;
				COPY_PHASE_STRIP = NO;
				DEBUG_INFORMATION_FORMAT = dwarf;
				ENABLE_STRICT_OBJC_MSGSEND = YES;
				ENABLE_TESTABILITY = YES;
				ENABLE_USER_SCRIPT_SANDBOXING = YES;
				GCC_C_LANGUAGE_STANDARD = gnu17;
				GCC_DYNAMIC_NO_PIC = NO;
				GCC_NO_COMMON_BLOCKS = YES;
				GCC_OPTIMIZATION_LEVEL = 0;
				GCC_PREPROCESSOR_DEFINITIONS = (
					"DEBUG=1",
					"$(inherited)",
				);
				GCC_WARN_64_TO_32_BIT_CONVERSION = YES;
				GCC_WARN_ABOUT_RETURN_TYPE = YES_ERROR;
				GCC_WARN_UNDECLARED_SELECTOR = YES;
				GCC_WARN_UNINITIALIZED_AUTOS = YES_AGGRESSIVE;
				GCC_WARN_UNUSED_FUNCTION = YES;
				GCC_WARN_UNUSED_VARIABLE = YES;
				IPHONEOS_DEPLOYMENT_TARGET = 16.0;
				MTL_ENABLE_DEBUG_INFO = INCLUDE_SOURCE;
				MTL_FAST_MATH = YES;
				ONLY_ACTIVE_ARCH = YES;
				SDKROOT = iphoneos;
				SWIFT_ACTIVE_COMPILATION_CONDITIONS = DEBUG;
				SWIFT_OPTIMIZATION_LEVEL = "-Onone";
			};
			name = Debug;
		};
		100000000000000000000A02 /* Release */ = {
			isa = XCBuildConfiguration;
			buildSettings = {
				ALWAYS_SEARCH_USER_PATHS = NO;
				CLANG_ANALYZER_NONNULL = YES;
				CLANG_ANALYZER_NUMBER_OBJECT_CONVERSION = YES_AGGRESSIVE;
				CLANG_CXX_LANGUAGE_STANDARD = "gnu++20";
				CLANG_ENABLE_MODULES = YES;
				CLANG_ENABLE_OBJC_ARC = YES;
				CLANG_ENABLE_OBJC_WEAK = YES;
				CLANG_WARN_BLOCK_CAPTURE_AUTORELEASING = YES;
				CLANG_WARN_BOOL_CONVERSION = YES;
				CLANG_WARN_COMMA = YES;
				CLANG_WARN_CONSTANT_CONVERSION = YES;
				CLANG_WARN_DEPRECATED_OBJC_IMPLEMENTATIONS = YES;
				CLANG_WARN_DIRECT_OBJC_ISA_USAGE = YES_ERROR;
				CLANG_WARN_DOCUMENTATION_COMMENTS = YES;
				CLANG_WARN_EMPTY_BODY = YES;
				CLANG_WARN_ENUM_CONVERSION = YES;
				CLANG_WARN_INFINITE_RECURSION = YES;
				CLANG_WARN_INT_CONVERSION = YES;
				CLANG_WARN_NON_LITERAL_NULL_CONVERSION = YES;
				CLANG_WARN_OBJC_IMPLICIT_RETAIN_SELF = YES;
				CLANG_WARN_OBJC_LITERAL_CONVERSION = YES;
				CLANG_WARN_OBJC_ROOT_CLASS = YES_ERROR;
				CLANG_WARN_QUOTED_INCLUDE_IN_FRAMEWORK_HEADER = YES;
				CLANG_WARN_RANGE_LOOP_ANALYSIS = YES;
				CLANG_WARN_STRICT_PROTOTYPES = YES;
				CLANG_WARN_SUSPICIOUS_MOVE = YES;
				CLANG_WARN_UNGUARDED_AVAILABILITY = YES_AGGRESSIVE;
				CLANG_WARN_UNREACHABLE_CODE = YES;
				CLANG_WARN__DUPLICATE_METHOD_MATCH = YES;
				COPY_PHASE_STRIP = NO;
				DEBUG_INFORMATION_FORMAT = "dwarf-with-dsym";
				ENABLE_NS_ASSERTIONS = NO;
				ENABLE_STRICT_OBJC_MSGSEND = YES;
				ENABLE_USER_SCRIPT_SANDBOXING = YES;
				GCC_C_LANGUAGE_STANDARD = gnu17;
				GCC_NO_COMMON_BLOCKS = YES;
				GCC_WARN_64_TO_32_BIT_CONVERSION = YES;
				GCC_WARN_ABOUT_RETURN_TYPE = YES_ERROR;
				GCC_WARN_UNDECLARED_SELECTOR = YES;
				GCC_WARN_UNINITIALIZED_AUTOS = YES_AGGRESSIVE;
				GCC_WARN_UNUSED_FUNCTION = YES;
				GCC_WARN_UNUSED_VARIABLE = YES;
				IPHONEOS_DEPLOYMENT_TARGET = 16.0;
				MTL_ENABLE_DEBUG_INFO = NO;
				MTL_FAST_MATH = YES;
				SDKROOT = iphoneos;
				SWIFT_COMPILATION_MODE = wholemodule;
				SWIFT_OPTIMIZATION_LEVEL = "-O";
				VALIDATE_PRODUCT = YES;
			};
			name = Release;
		};
		100000000000000000000A03 /* Debug */ = {
			isa = XCBuildConfiguration;
			buildSettings = {
				ASSETCATALOG_COMPILER_APPICON_NAME = AppIcon;
				ASSETCATALOG_COMPILER_GLOBAL_ACCENT_COLOR_NAME = AccentColor;
				CODE_SIGN_STYLE = Automatic;
				CURRENT_PROJECT_VERSION = 1;
				DEVELOPMENT_TEAM = "";
				GENERATE_INFOPLIST_FILE = NO;
				INFOPLIST_FILE = MadeYouLookPrank/Info.plist;
				IPHONEOS_DEPLOYMENT_TARGET = 16.0;
				MARKETING_VERSION = 1.0;
				PRODUCT_BUNDLE_IDENTIFIER = com.yourname.madeyoulook;
				PRODUCT_NAME = "$(TARGET_NAME)";
				SWIFT_EMIT_LOC_STRINGS = YES;
				SWIFT_VERSION = 5.0;
				TARGETED_DEVICE_FAMILY = "1,2";
			};
			name = Debug;
		};
		100000000000000000000A04 /* Release */ = {
			isa = XCBuildConfiguration;
			buildSettings = {
				ASSETCATALOG_COMPILER_APPICON_NAME = AppIcon;
				ASSETCATALOG_COMPILER_GLOBAL_ACCENT_COLOR_NAME = AccentColor;
				CODE_SIGN_STYLE = Automatic;
				CURRENT_PROJECT_VERSION = 1;
				DEVELOPMENT_TEAM = "";
				GENERATE_INFOPLIST_FILE = NO;
				INFOPLIST_FILE = MadeYouLookPrank/Info.plist;
				IPHONEOS_DEPLOYMENT_TARGET = 16.0;
				MARKETING_VERSION = 1.0;
				PRODUCT_BUNDLE_IDENTIFIER = com.yourname.madeyoulook;
				PRODUCT_NAME = "$(TARGET_NAME)";
				SWIFT_EMIT_LOC_STRINGS = YES;
				SWIFT_VERSION = 5.0;
				TARGETED_DEVICE_FAMILY = "1,2";
			};
			name = Release;
		};
		100000000000000000000A05 /* Debug */ = {
			isa = XCBuildConfiguration;
			buildSettings = {
				BUNDLE_LOADER = "$(TEST_HOST)";
				CODE_SIGN_STYLE = Automatic;
				CURRENT_PROJECT_VERSION = 1;
				DEVELOPMENT_TEAM = "";
				GENERATE_INFOPLIST_FILE = YES;
				IPHONEOS_DEPLOYMENT_TARGET = 16.0;
				MARKETING_VERSION = 1.0;
				PRODUCT_BUNDLE_IDENTIFIER = com.yourname.madeyoulookTests;
				PRODUCT_NAME = "$(TARGET_NAME)";
				SWIFT_EMIT_LOC_STRINGS = NO;
				SWIFT_VERSION = 5.0;
				TARGETED_DEVICE_FAMILY = "1,2";
				TEST_HOST = "$(BUILT_PRODUCTS_DIR)/MadeYouLookPrank.app/$(BUNDLE_EXECUTABLE_FOLDER_PATH)/MadeYouLookPrank";
			};
			name = Debug;
		};
		100000000000000000000A06 /* Release */ = {
			isa = XCBuildConfiguration;
			buildSettings = {
				BUNDLE_LOADER = "$(TEST_HOST)";
				CODE_SIGN_STYLE = Automatic;
				CURRENT_PROJECT_VERSION = 1;
				DEVELOPMENT_TEAM = "";
				GENERATE_INFOPLIST_FILE = YES;
				IPHONEOS_DEPLOYMENT_TARGET = 16.0;
				MARKETING_VERSION = 1.0;
				PRODUCT_BUNDLE_IDENTIFIER = com.yourname.madeyoulookTests;
				PRODUCT_NAME = "$(TARGET_NAME)";
				SWIFT_EMIT_LOC_STRINGS = NO;
				SWIFT_VERSION = 5.0;
				TARGETED_DEVICE_FAMILY = "1,2";
				TEST_HOST = "$(BUILT_PRODUCTS_DIR)/MadeYouLookPrank.app/$(BUNDLE_EXECUTABLE_FOLDER_PATH)/MadeYouLookPrank";
			};
			name = Release;
		};
/* End XCBuildConfiguration section */

/* Begin XCConfigurationList section */
		100000000000000000000800 /* Build configuration list for PBXProject "MadeYouLookPrank" */ = {
			isa = XCConfigurationList;
			buildConfigurations = (
				100000000000000000000A01 /* Debug */,
				100000000000000000000A02 /* Release */,
			);
			defaultConfigurationIsVisible = 0;
			defaultConfigurationName = Release;
		};
		100000000000000000000801 /* Build configuration list for PBXNativeTarget "MadeYouLookPrank" */ = {
			isa = XCConfigurationList;
			buildConfigurations = (
				100000000000000000000A03 /* Debug */,
				100000000000000000000A04 /* Release */,
			);
			defaultConfigurationIsVisible = 0;
			defaultConfigurationName = Release;
		};
		100000000000000000000802 /* Build configuration list for PBXNativeTarget "MadeYouLookPrankTests" */ = {
			isa = XCConfigurationList;
			buildConfigurations = (
				100000000000000000000A05 /* Debug */,
				100000000000000000000A06 /* Release */,
			);
			defaultConfigurationIsVisible = 0;
			defaultConfigurationName = Release;
		};
/* End XCConfigurationList section */
	};
	rootObject = 100000000000000000000401 /* Project object */;
}
